PODS:
  - flutter_secure_storage_macos (3.3.1):
    - FlutterMacOS
  - FlutterMacOS (1.0.0)
  - geolocator_apple (1.2.0):
    - FlutterMacOS
  - maps_launcher (0.0.1):
    - FlutterMacOS
  - share_plus_macos (0.0.1):
    - FlutterMacOS
  - url_launcher_macos (0.0.1):
    - FlutterMacOS

DEPENDENCIES:
  - flutter_secure_storage_macos (from `Flutter/ephemeral/.symlinks/plugins/flutter_secure_storage_macos/macos`)
  - FlutterMacOS (from `Flutter/ephemeral`)
  - geolocator_apple (from `Flutter/ephemeral/.symlinks/plugins/geolocator_apple/macos`)
  - maps_launcher (from `Flutter/ephemeral/.symlinks/plugins/maps_launcher/macos`)
  - share_plus_macos (from `Flutter/ephemeral/.symlinks/plugins/share_plus_macos/macos`)
  - url_launcher_macos (from `Flutter/ephemeral/.symlinks/plugins/url_launcher_macos/macos`)

EXTERNAL SOURCES:
  flutter_secure_storage_macos:
    :path: Flutter/ephemeral/.symlinks/plugins/flutter_secure_storage_macos/macos
  FlutterMacOS:
    :path: Flutter/ephemeral
  geolocator_apple:
    :path: Flutter/ephemeral/.symlinks/plugins/geolocator_apple/macos
  maps_launcher:
    :path: Flutter/ephemeral/.symlinks/plugins/maps_launcher/macos
  share_plus_macos:
    :path: Flutter/ephemeral/.symlinks/plugins/share_plus_macos/macos
  url_launcher_macos:
    :path: Flutter/ephemeral/.symlinks/plugins/url_launcher_macos/macos

SPEC CHECKSUMS:
  flutter_secure_storage_macos: 6ceee8fbc7f484553ad17f79361b556259df89aa
  FlutterMacOS: ae6af50a8ea7d6103d888583d46bd8328a7e9811
  geolocator_apple: 72a78ae3f3e4ec0db62117bd93e34523f5011d58
  maps_launcher: f1a606d040d8938430ddb7ca836a0abd2c7a1d34
  share_plus_macos: 853ee48e7dce06b633998ca0735d482dd671ade4
  url_launcher_macos: 597e05b8e514239626bcf4a850fcf9ef5c856ec3

PODFILE CHECKSUM: 6eac6b3292e5142cfc23bdeb71848a40ec51c14c

COCOAPODS: 1.11.3
